%{"yamerl": {:hex, :yamerl, "0.4.0", "ae215b1242810a9bc07716b88062f1bfe06f6bc7cf68372091f630baa536df79", [:rebar3], []},
  "yaml_elixir": {:hex, :yaml_elixir, "1.3.0", "5b945c235f0bc9d49c60927834576952c9e106afbc1dfa76ffcf615d7615e35f", [:mix], [{:yamerl, "~> 0.3.2", [hex: :yamerl, optional: false]}]}}
